
Microsoft Visual Studio Solution File, Format Version 12.00
# Visual Studio Version 17
VisualStudioVersion = 17.5.002.0
MinimumVisualStudioVersion = 10.0.40219.1
Project("{2150E333-8FDC-42A3-9474-1A3956D46DE8}") = "csharp-prep", "csharp-prep", "{BB89233C-812F-4233-B081-143A36F3AA0E}"
EndProject
Project("{9A19103F-16F7-4668-BE54-9A1E7A4F7556}") = "Prep1", "csharp-prep\Prep1\Prep1.csproj", "{94A26DB7-B904-460B-A0F3-4C23FD6CC33F}"
EndProject
Project("{9A19103F-16F7-4668-BE54-9A1E7A4F7556}") = "Prep2", "csharp-prep\Prep2\Prep2.csproj", "{DBE0E88A-585A-46B2-A2C0-50F4284307D9}"
EndProject
Project("{9A19103F-16F7-4668-BE54-9A1E7A4F7556}") = "Prep3", "csharp-prep\Prep3\Prep3.csproj", "{D35715B2-74CE-42E2-A340-D28E7B75C7E2}"
EndProject
Project("{9A19103F-16F7-4668-BE54-9A1E7A4F7556}") = "Prep4", "csharp-prep\Prep4\Prep4.csproj", "{1099DCE3-9755-4B9C-8521-393096DE1BBB}"
EndProject
Project("{9A19103F-16F7-4668-BE54-9A1E7A4F7556}") = "Prep5", "csharp-prep\Prep5\Prep5.csproj", "{E1479CF1-E009-4CC7-900A-F0E401407177}"
EndProject
Project("{2150E333-8FDC-42A3-9474-1A3956D46DE8}") = "final", "final", "{3657F18E-EE67-45FB-9FF0-2627AC1D4524}"
EndProject
Project("{9A19103F-16F7-4668-BE54-9A1E7A4F7556}") = "FinalProject", "final\FinalProject\FinalProject.csproj", "{FFA515D0-1BFB-4E12-823B-5C00D2E3E1B7}"
EndProject
Project("{9A19103F-16F7-4668-BE54-9A1E7A4F7556}") = "Foundation1", "final\Foundation1\Foundation1.csproj", "{9EAA46FB-4F24-4501-9CE2-10953F0B5389}"
EndProject
Project("{9A19103F-16F7-4668-BE54-9A1E7A4F7556}") = "Foundation2", "final\Foundation2\Foundation2.csproj", "{7BBAE961-7B8D-4E88-A5C9-B7B5171ADA28}"
EndProject
Project("{9A19103F-16F7-4668-BE54-9A1E7A4F7556}") = "Foundation3", "final\Foundation3\Foundation3.csproj", "{555B4D7E-443F-4C25-B7FD-741EF683ADD1}"
EndProject
Project("{9A19103F-16F7-4668-BE54-9A1E7A4F7556}") = "Foundation4", "final\Foundation4\Foundation4.csproj", "{C53D3526-4CD3-4539-B5AC-EA9E33641673}"
EndProject
Project("{2150E333-8FDC-42A3-9474-1A3956D46DE8}") = "prepare", "prepare", "{ACF27F7F-8364-423A-88E7-29EA6D5295D1}"
EndProject
Project("{9A19103F-16F7-4668-BE54-9A1E7A4F7556}") = "Learning02", "prepare\Learning02\Learning02.csproj", "{18640400-73D3-4ABB-9DA5-270FBD03893C}"
EndProject
Project("{9A19103F-16F7-4668-BE54-9A1E7A4F7556}") = "Learning03", "prepare\Learning03\Learning03.csproj", "{8F1D4B77-8854-477A-AD1C-B0BDE1F1173D}"
EndProject
Project("{9A19103F-16F7-4668-BE54-9A1E7A4F7556}") = "Learning04", "prepare\Learning04\Learning04.csproj", "{BD60DA1A-8BD4-4B17-870F-8FDB16286332}"
EndProject
Project("{9A19103F-16F7-4668-BE54-9A1E7A4F7556}") = "Learning05", "prepare\Learning05\Learning05.csproj", "{45C64D3E-C69C-4CD9-8B08-974FF925448C}"
EndProject
Project("{2150E333-8FDC-42A3-9474-1A3956D46DE8}") = "prove", "prove", "{CC2BFA2D-938D-47F4-AC72-5ABBBE2AC3AF}"
EndProject
Project("{9A19103F-16F7-4668-BE54-9A1E7A4F7556}") = "Develop02", "prove\Develop02\Develop02.csproj", "{32BA1CC4-9D25-491F-B1E6-B598134A0F33}"
EndProject
Project("{9A19103F-16F7-4668-BE54-9A1E7A4F7556}") = "Develop03", "prove\Develop03\Develop03.csproj", "{E3400042-8479-42D8-91E4-C2D8D20CAFF5}"
EndProject
Project("{9A19103F-16F7-4668-BE54-9A1E7A4F7556}") = "Develop04", "prove\Develop04\Develop04.csproj", "{05072BA4-D079-46AC-9EE8-B5D460317966}"
EndProject
Project("{9A19103F-16F7-4668-BE54-9A1E7A4F7556}") = "Develop05", "prove\Develop05\Develop05.csproj", "{535AB976-1FBF-4FE0-8CEC-1E1DED9D5D0E}"
EndProject
Project("{2150E333-8FDC-42A3-9474-1A3956D46DE8}") = "sandbox", "sandbox", "{5F9F2A8D-561C-4A4A-BD21-BF3F04228870}"
EndProject
Project("{9A19103F-16F7-4668-BE54-9A1E7A4F7556}") = "Sandbox", "sandbox\Sandbox\Sandbox.csproj", "{28A38C5A-87E1-4CCB-BAD0-A1D52AD0324D}"
EndProject
Global
	GlobalSection(SolutionConfigurationPlatforms) = preSolution
		Debug|Any CPU = Debug|Any CPU
		Release|Any CPU = Release|Any CPU
	EndGlobalSection
	GlobalSection(ProjectConfigurationPlatforms) = postSolution
		{94A26DB7-B904-460B-A0F3-4C23FD6CC33F}.Debug|Any CPU.ActiveCfg = Debug|Any CPU
		{94A26DB7-B904-460B-A0F3-4C23FD6CC33F}.Debug|Any CPU.Build.0 = Debug|Any CPU
		{94A26DB7-B904-460B-A0F3-4C23FD6CC33F}.Release|Any CPU.ActiveCfg = Release|Any CPU
		{94A26DB7-B904-460B-A0F3-4C23FD6CC33F}.Release|Any CPU.Build.0 = Release|Any CPU
		{DBE0E88A-585A-46B2-A2C0-50F4284307D9}.Debug|Any CPU.ActiveCfg = Debug|Any CPU
		{DBE0E88A-585A-46B2-A2C0-50F4284307D9}.Debug|Any CPU.Build.0 = Debug|Any CPU
		{DBE0E88A-585A-46B2-A2C0-50F4284307D9}.Release|Any CPU.ActiveCfg = Release|Any CPU
		{DBE0E88A-585A-46B2-A2C0-50F4284307D9}.Release|Any CPU.Build.0 = Release|Any CPU
		{D35715B2-74CE-42E2-A340-D28E7B75C7E2}.Debug|Any CPU.ActiveCfg = Debug|Any CPU
		{D35715B2-74CE-42E2-A340-D28E7B75C7E2}.Debug|Any CPU.Build.0 = Debug|Any CPU
		{D35715B2-74CE-42E2-A340-D28E7B75C7E2}.Release|Any CPU.ActiveCfg = Release|Any CPU
		{D35715B2-74CE-42E2-A340-D28E7B75C7E2}.Release|Any CPU.Build.0 = Release|Any CPU
		{1099DCE3-9755-4B9C-8521-393096DE1BBB}.Debug|Any CPU.ActiveCfg = Debug|Any CPU
		{1099DCE3-9755-4B9C-8521-393096DE1BBB}.Debug|Any CPU.Build.0 = Debug|Any CPU
		{1099DCE3-9755-4B9C-8521-393096DE1BBB}.Release|Any CPU.ActiveCfg = Release|Any CPU
		{1099DCE3-9755-4B9C-8521-393096DE1BBB}.Release|Any CPU.Build.0 = Release|Any CPU
		{E1479CF1-E009-4CC7-900A-F0E401407177}.Debug|Any CPU.ActiveCfg = Debug|Any CPU
		{E1479CF1-E009-4CC7-900A-F0E401407177}.Debug|Any CPU.Build.0 = Debug|Any CPU
		{E1479CF1-E009-4CC7-900A-F0E401407177}.Release|Any CPU.ActiveCfg = Release|Any CPU
		{E1479CF1-E009-4CC7-900A-F0E401407177}.Release|Any CPU.Build.0 = Release|Any CPU
		{FFA515D0-1BFB-4E12-823B-5C00D2E3E1B7}.Debug|Any CPU.ActiveCfg = Debug|Any CPU
		{FFA515D0-1BFB-4E12-823B-5C00D2E3E1B7}.Debug|Any CPU.Build.0 = Debug|Any CPU
		{FFA515D0-1BFB-4E12-823B-5C00D2E3E1B7}.Release|Any CPU.ActiveCfg = Release|Any CPU
		{FFA515D0-1BFB-4E12-823B-5C00D2E3E1B7}.Release|Any CPU.Build.0 = Release|Any CPU
		{9EAA46FB-4F24-4501-9CE2-10953F0B5389}.Debug|Any CPU.ActiveCfg = Debug|Any CPU
		{9EAA46FB-4F24-4501-9CE2-10953F0B5389}.Debug|Any CPU.Build.0 = Debug|Any CPU
		{9EAA46FB-4F24-4501-9CE2-10953F0B5389}.Release|Any CPU.ActiveCfg = Release|Any CPU
		{9EAA46FB-4F24-4501-9CE2-10953F0B5389}.Release|Any CPU.Build.0 = Release|Any CPU
		{7BBAE961-7B8D-4E88-A5C9-B7B5171ADA28}.Debug|Any CPU.ActiveCfg = Debug|Any CPU
		{7BBAE961-7B8D-4E88-A5C9-B7B5171ADA28}.Debug|Any CPU.Build.0 = Debug|Any CPU
		{7BBAE961-7B8D-4E88-A5C9-B7B5171ADA28}.Release|Any CPU.ActiveCfg = Release|Any CPU
		{7BBAE961-7B8D-4E88-A5C9-B7B5171ADA28}.Release|Any CPU.Build.0 = Release|Any CPU
		{555B4D7E-443F-4C25-B7FD-741EF683ADD1}.Debug|Any CPU.ActiveCfg = Debug|Any CPU
		{555B4D7E-443F-4C25-B7FD-741EF683ADD1}.Debug|Any CPU.Build.0 = Debug|Any CPU
		{555B4D7E-443F-4C25-B7FD-741EF683ADD1}.Release|Any CPU.ActiveCfg = Release|Any CPU
		{555B4D7E-443F-4C25-B7FD-741EF683ADD1}.Release|Any CPU.Build.0 = Release|Any CPU
		{C53D3526-4CD3-4539-B5AC-EA9E33641673}.Debug|Any CPU.ActiveCfg = Debug|Any CPU
		{C53D3526-4CD3-4539-B5AC-EA9E33641673}.Debug|Any CPU.Build.0 = Debug|Any CPU
		{C53D3526-4CD3-4539-B5AC-EA9E33641673}.Release|Any CPU.ActiveCfg = Release|Any CPU
		{C53D3526-4CD3-4539-B5AC-EA9E33641673}.Release|Any CPU.Build.0 = Release|Any CPU
		{18640400-73D3-4ABB-9DA5-270FBD03893C}.Debug|Any CPU.ActiveCfg = Debug|Any CPU
		{18640400-73D3-4ABB-9DA5-270FBD03893C}.Debug|Any CPU.Build.0 = Debug|Any CPU
		{18640400-73D3-4ABB-9DA5-270FBD03893C}.Release|Any CPU.ActiveCfg = Release|Any CPU
		{18640400-73D3-4ABB-9DA5-270FBD03893C}.Release|Any CPU.Build.0 = Release|Any CPU
		{8F1D4B77-8854-477A-AD1C-B0BDE1F1173D}.Debug|Any CPU.ActiveCfg = Debug|Any CPU
		{8F1D4B77-8854-477A-AD1C-B0BDE1F1173D}.Debug|Any CPU.Build.0 = Debug|Any CPU
		{8F1D4B77-8854-477A-AD1C-B0BDE1F1173D}.Release|Any CPU.ActiveCfg = Release|Any CPU
		{8F1D4B77-8854-477A-AD1C-B0BDE1F1173D}.Release|Any CPU.Build.0 = Release|Any CPU
		{BD60DA1A-8BD4-4B17-870F-8FDB16286332}.Debug|Any CPU.ActiveCfg = Debug|Any CPU
		{BD60DA1A-8BD4-4B17-870F-8FDB16286332}.Debug|Any CPU.Build.0 = Debug|Any CPU
		{BD60DA1A-8BD4-4B17-870F-8FDB16286332}.Release|Any CPU.ActiveCfg = Release|Any CPU
		{BD60DA1A-8BD4-4B17-870F-8FDB16286332}.Release|Any CPU.Build.0 = Release|Any CPU
		{45C64D3E-C69C-4CD9-8B08-974FF925448C}.Debug|Any CPU.ActiveCfg = Debug|Any CPU
		{45C64D3E-C69C-4CD9-8B08-974FF925448C}.Debug|Any CPU.Build.0 = Debug|Any CPU
		{45C64D3E-C69C-4CD9-8B08-974FF925448C}.Release|Any CPU.ActiveCfg = Release|Any CPU
		{45C64D3E-C69C-4CD9-8B08-974FF925448C}.Release|Any CPU.Build.0 = Release|Any CPU
		{32BA1CC4-9D25-491F-B1E6-B598134A0F33}.Debug|Any CPU.ActiveCfg = Debug|Any CPU
		{32BA1CC4-9D25-491F-B1E6-B598134A0F33}.Debug|Any CPU.Build.0 = Debug|Any CPU
		{32BA1CC4-9D25-491F-B1E6-B598134A0F33}.Release|Any CPU.ActiveCfg = Release|Any CPU
		{32BA1CC4-9D25-491F-B1E6-B598134A0F33}.Release|Any CPU.Build.0 = Release|Any CPU
		{E3400042-8479-42D8-91E4-C2D8D20CAFF5}.Debug|Any CPU.ActiveCfg = Debug|Any CPU
		{E3400042-8479-42D8-91E4-C2D8D20CAFF5}.Debug|Any CPU.Build.0 = Debug|Any CPU
		{E3400042-8479-42D8-91E4-C2D8D20CAFF5}.Release|Any CPU.ActiveCfg = Release|Any CPU
		{E3400042-8479-42D8-91E4-C2D8D20CAFF5}.Release|Any CPU.Build.0 = Release|Any CPU
		{05072BA4-D079-46AC-9EE8-B5D460317966}.Debug|Any CPU.ActiveCfg = Debug|Any CPU
		{05072BA4-D079-46AC-9EE8-B5D460317966}.Debug|Any CPU.Build.0 = Debug|Any CPU
		{05072BA4-D079-46AC-9EE8-B5D460317966}.Release|Any CPU.ActiveCfg = Release|Any CPU
		{05072BA4-D079-46AC-9EE8-B5D460317966}.Release|Any CPU.Build.0 = Release|Any CPU
		{535AB976-1FBF-4FE0-8CEC-1E1DED9D5D0E}.Debug|Any CPU.ActiveCfg = Debug|Any CPU
		{535AB976-1FBF-4FE0-8CEC-1E1DED9D5D0E}.Debug|Any CPU.Build.0 = Debug|Any CPU
		{535AB976-1FBF-4FE0-8CEC-1E1DED9D5D0E}.Release|Any CPU.ActiveCfg = Release|Any CPU
		{535AB976-1FBF-4FE0-8CEC-1E1DED9D5D0E}.Release|Any CPU.Build.0 = Release|Any CPU
		{28A38C5A-87E1-4CCB-BAD0-A1D52AD0324D}.Debug|Any CPU.ActiveCfg = Debug|Any CPU
		{28A38C5A-87E1-4CCB-BAD0-A1D52AD0324D}.Debug|Any CPU.Build.0 = Debug|Any CPU
		{28A38C5A-87E1-4CCB-BAD0-A1D52AD0324D}.Release|Any CPU.ActiveCfg = Release|Any CPU
		{28A38C5A-87E1-4CCB-BAD0-A1D52AD0324D}.Release|Any CPU.Build.0 = Release|Any CPU
	EndGlobalSection
	GlobalSection(SolutionProperties) = preSolution
		HideSolutionNode = FALSE
	EndGlobalSection
	GlobalSection(NestedProjects) = preSolution
		{94A26DB7-B904-460B-A0F3-4C23FD6CC33F} = {BB89233C-812F-4233-B081-143A36F3AA0E}
		{DBE0E88A-585A-46B2-A2C0-50F4284307D9} = {BB89233C-812F-4233-B081-143A36F3AA0E}
		{D35715B2-74CE-42E2-A340-D28E7B75C7E2} = {BB89233C-812F-4233-B081-143A36F3AA0E}
		{1099DCE3-9755-4B9C-8521-393096DE1BBB} = {BB89233C-812F-4233-B081-143A36F3AA0E}
		{E1479CF1-E009-4CC7-900A-F0E401407177} = {BB89233C-812F-4233-B081-143A36F3AA0E}
		{FFA515D0-1BFB-4E12-823B-5C00D2E3E1B7} = {3657F18E-EE67-45FB-9FF0-2627AC1D4524}
		{9EAA46FB-4F24-4501-9CE2-10953F0B5389} = {3657F18E-EE67-45FB-9FF0-2627AC1D4524}
		{7BBAE961-7B8D-4E88-A5C9-B7B5171ADA28} = {3657F18E-EE67-45FB-9FF0-2627AC1D4524}
		{555B4D7E-443F-4C25-B7FD-741EF683ADD1} = {3657F18E-EE67-45FB-9FF0-2627AC1D4524}
		{C53D3526-4CD3-4539-B5AC-EA9E33641673} = {3657F18E-EE67-45FB-9FF0-2627AC1D4524}
		{18640400-73D3-4ABB-9DA5-270FBD03893C} = {ACF27F7F-8364-423A-88E7-29EA6D5295D1}
		{8F1D4B77-8854-477A-AD1C-B0BDE1F1173D} = {ACF27F7F-8364-423A-88E7-29EA6D5295D1}
		{BD60DA1A-8BD4-4B17-870F-8FDB16286332} = {ACF27F7F-8364-423A-88E7-29EA6D5295D1}
		{45C64D3E-C69C-4CD9-8B08-974FF925448C} = {ACF27F7F-8364-423A-88E7-29EA6D5295D1}
		{32BA1CC4-9D25-491F-B1E6-B598134A0F33} = {CC2BFA2D-938D-47F4-AC72-5ABBBE2AC3AF}
		{E3400042-8479-42D8-91E4-C2D8D20CAFF5} = {CC2BFA2D-938D-47F4-AC72-5ABBBE2AC3AF}
		{05072BA4-D079-46AC-9EE8-B5D460317966} = {CC2BFA2D-938D-47F4-AC72-5ABBBE2AC3AF}
		{535AB976-1FBF-4FE0-8CEC-1E1DED9D5D0E} = {CC2BFA2D-938D-47F4-AC72-5ABBBE2AC3AF}
		{28A38C5A-87E1-4CCB-BAD0-A1D52AD0324D} = {5F9F2A8D-561C-4A4A-BD21-BF3F04228870}
	EndGlobalSection
	GlobalSection(ExtensibilityGlobals) = postSolution
		SolutionGuid = {0AB70036-5B7B-4405-B03F-6D9E530BD6C4}
	EndGlobalSection
EndGlobal
